
Microsoft Visual Studio Solution File, Format Version 12.00
# Visual Studio Version 17
VisualStudioVersion = 17.3.32929.385
MinimumVisualStudioVersion = 10.0.40219.1
Project("{FAE04EC0-301F-11D3-BF4B-00C04F79EFBC}") = "OOP2", "OOP2\OOP2.csproj", "{0DF5BBDD-7A17-40D5-995A-2C330857E7AF}"
EndProject
Global
	GlobalSection(SolutionConfigurationPlatforms) = preSolution
		Debug|Any CPU = Debug|Any CPU
		Release|Any CPU = Release|Any CPU
	EndGlobalSection
	GlobalSection(ProjectConfigurationPlatforms) = postSolution
		{0DF5BBDD-7A17-40D5-995A-2C330857E7AF}.Debug|Any CPU.ActiveCfg = Debug|Any CPU
		{0DF5BBDD-7A17-40D5-995A-2C330857E7AF}.Debug|Any CPU.Build.0 = Debug|Any CPU
		{0DF5BBDD-7A17-40D5-995A-2C330857E7AF}.Release|Any CPU.ActiveCfg = Release|Any CPU
		{0DF5BBDD-7A17-40D5-995A-2C330857E7AF}.Release|Any CPU.Build.0 = Release|Any CPU
	EndGlobalSection
	GlobalSection(SolutionProperties) = preSolution
		HideSolutionNode = FALSE
	EndGlobalSection
	GlobalSection(ExtensibilityGlobals) = postSolution
		SolutionGuid = {46735853-6637-47A3-8C2F-64331EE0B744}
	EndGlobalSection
EndGlobal
